
Microsoft Visual Studio Solution File, Format Version 12.00
# Visual Studio Version 17
VisualStudioVersion = 17.14.36623.8
MinimumVisualStudioVersion = 10.0.40219.1
Project("{FAE04EC0-301F-11D3-BF4B-00C04F79EFBC}") = "RRCApp", "RRCApp.csproj", "{3154D5D1-7A69-4937-8C3B-A64B0148A625}"
EndProject
Project("{FAE04EC0-301F-11D3-BF4B-00C04F79EFBC}") = "RRCDataModel", "..\RRCDataModel\RRCDataModel.csproj", "{DFC58775-F328-C6A0-7008-127799B22C44}"
EndProject
Project("{FAE04EC0-301F-11D3-BF4B-00C04F79EFBC}") = "RRCServices", "..\RRCServices\RRCServices.csproj", "{EC0CD55B-EBA5-10CF-46C2-937CE8B1E1F4}"
EndProject
Project("{FAE04EC0-301F-11D3-BF4B-00C04F79EFBC}") = "Calculator", "..\Calculator\Calculator.csproj", "{F9381852-A90E-456A-A239-E2916969248B}"
EndProject
Project("{FAE04EC0-301F-11D3-BF4B-00C04F79EFBC}") = "PublicApp", "..\PublicApp\PublicApp.csproj", "{B41E148B-8EF4-4E66-82B5-438B4CB098BF}"
EndProject
Project("{FAE04EC0-301F-11D3-BF4B-00C04F79EFBC}") = "rrc.contracts", "..\rrc.contracts\rrc.contracts.csproj", "{187FAAD9-7344-46E4-9C41-436C69866CED}"
EndProject
Project("{FAE04EC0-301F-11D3-BF4B-00C04F79EFBC}") = "rrcapi", "..\rrcapi\rrcapi.csproj", "{DA161C26-EA8D-4DAD-B804-05F73AE3A9AF}"
EndProject
Global
	GlobalSection(SolutionConfigurationPlatforms) = preSolution
		Debug|Any CPU = Debug|Any CPU
		Release|Any CPU = Release|Any CPU
	EndGlobalSection
	GlobalSection(ProjectConfigurationPlatforms) = postSolution
		{3154D5D1-7A69-4937-8C3B-A64B0148A625}.Debug|Any CPU.ActiveCfg = Debug|Any CPU
		{3154D5D1-7A69-4937-8C3B-A64B0148A625}.Debug|Any CPU.Build.0 = Debug|Any CPU
		{3154D5D1-7A69-4937-8C3B-A64B0148A625}.Release|Any CPU.ActiveCfg = Release|Any CPU
		{3154D5D1-7A69-4937-8C3B-A64B0148A625}.Release|Any CPU.Build.0 = Release|Any CPU
		{DFC58775-F328-C6A0-7008-127799B22C44}.Debug|Any CPU.ActiveCfg = Debug|Any CPU
		{DFC58775-F328-C6A0-7008-127799B22C44}.Debug|Any CPU.Build.0 = Debug|Any CPU
		{DFC58775-F328-C6A0-7008-127799B22C44}.Release|Any CPU.ActiveCfg = Release|Any CPU
		{DFC58775-F328-C6A0-7008-127799B22C44}.Release|Any CPU.Build.0 = Release|Any CPU
		{EC0CD55B-EBA5-10CF-46C2-937CE8B1E1F4}.Debug|Any CPU.ActiveCfg = Debug|Any CPU
		{EC0CD55B-EBA5-10CF-46C2-937CE8B1E1F4}.Debug|Any CPU.Build.0 = Debug|Any CPU
		{EC0CD55B-EBA5-10CF-46C2-937CE8B1E1F4}.Release|Any CPU.ActiveCfg = Release|Any CPU
		{EC0CD55B-EBA5-10CF-46C2-937CE8B1E1F4}.Release|Any CPU.Build.0 = Release|Any CPU
		{F9381852-A90E-456A-A239-E2916969248B}.Debug|Any CPU.ActiveCfg = Debug|Any CPU
		{F9381852-A90E-456A-A239-E2916969248B}.Debug|Any CPU.Build.0 = Debug|Any CPU
		{F9381852-A90E-456A-A239-E2916969248B}.Release|Any CPU.ActiveCfg = Release|Any CPU
		{F9381852-A90E-456A-A239-E2916969248B}.Release|Any CPU.Build.0 = Release|Any CPU
		{B41E148B-8EF4-4E66-82B5-438B4CB098BF}.Debug|Any CPU.ActiveCfg = Debug|Any CPU
		{B41E148B-8EF4-4E66-82B5-438B4CB098BF}.Debug|Any CPU.Build.0 = Debug|Any CPU
		{B41E148B-8EF4-4E66-82B5-438B4CB098BF}.Release|Any CPU.ActiveCfg = Release|Any CPU
		{B41E148B-8EF4-4E66-82B5-438B4CB098BF}.Release|Any CPU.Build.0 = Release|Any CPU
		{187FAAD9-7344-46E4-9C41-436C69866CED}.Debug|Any CPU.ActiveCfg = Debug|Any CPU
		{187FAAD9-7344-46E4-9C41-436C69866CED}.Debug|Any CPU.Build.0 = Debug|Any CPU
		{187FAAD9-7344-46E4-9C41-436C69866CED}.Release|Any CPU.ActiveCfg = Release|Any CPU
		{187FAAD9-7344-46E4-9C41-436C69866CED}.Release|Any CPU.Build.0 = Release|Any CPU
		{DA161C26-EA8D-4DAD-B804-05F73AE3A9AF}.Debug|Any CPU.ActiveCfg = Debug|Any CPU
		{DA161C26-EA8D-4DAD-B804-05F73AE3A9AF}.Debug|Any CPU.Build.0 = Debug|Any CPU
		{DA161C26-EA8D-4DAD-B804-05F73AE3A9AF}.Release|Any CPU.ActiveCfg = Release|Any CPU
		{DA161C26-EA8D-4DAD-B804-05F73AE3A9AF}.Release|Any CPU.Build.0 = Release|Any CPU
	EndGlobalSection
	GlobalSection(SolutionProperties) = preSolution
		HideSolutionNode = FALSE
	EndGlobalSection
	GlobalSection(ExtensibilityGlobals) = postSolution
		SolutionGuid = {BBCA6309-72C3-4CA7-9C6F-8DAE02160786}
	EndGlobalSection
EndGlobal
