
Microsoft Visual Studio Solution File, Format Version 12.00
# Visual Studio Version 17
VisualStudioVersion = 17.14.36623.8
MinimumVisualStudioVersion = 10.0.40219.1
Project("{FAE04EC0-301F-11D3-BF4B-00C04F79EFBC}") = "RRCApp", "RRCApp.csproj", "{3154D5D1-7A69-4937-8C3B-A64B0148A625}"
EndProject
Global
	GlobalSection(SolutionConfigurationPlatforms) = preSolution
		Debug|Any CPU = Debug|Any CPU
		Release|Any CPU = Release|Any CPU
	EndGlobalSection
	GlobalSection(ProjectConfigurationPlatforms) = postSolution
		{3154D5D1-7A69-4937-8C3B-A64B0148A625}.Debug|Any CPU.ActiveCfg = Debug|Any CPU
		{3154D5D1-7A69-4937-8C3B-A64B0148A625}.Debug|Any CPU.Build.0 = Debug|Any CPU
		{3154D5D1-7A69-4937-8C3B-A64B0148A625}.Release|Any CPU.ActiveCfg = Release|Any CPU
		{3154D5D1-7A69-4937-8C3B-A64B0148A625}.Release|Any CPU.Build.0 = Release|Any CPU
	EndGlobalSection
	GlobalSection(SolutionProperties) = preSolution
		HideSolutionNode = FALSE
	EndGlobalSection
	GlobalSection(ExtensibilityGlobals) = postSolution
		SolutionGuid = {BBCA6309-72C3-4CA7-9C6F-8DAE02160786}
	EndGlobalSection
EndGlobal
